
Microsoft Visual Studio Solution File, Format Version 12.00
Project("{FAE04EC0-301F-11D3-BF4B-00C04F79EFBC}") = "QuickShop.Api", "QuickShop.Api\QuickShop.Api.csproj", "{7F3EF581-E529-470B-9ECF-B582FAD0F6C5}"
EndProject
Global
	GlobalSection(SolutionConfigurationPlatforms) = preSolution
		Debug|Any CPU = Debug|Any CPU
		Release|Any CPU = Release|Any CPU
	EndGlobalSection
	GlobalSection(ProjectConfigurationPlatforms) = postSolution
		{7F3EF581-E529-470B-9ECF-B582FAD0F6C5}.Debug|Any CPU.ActiveCfg = Debug|Any CPU
		{7F3EF581-E529-470B-9ECF-B582FAD0F6C5}.Debug|Any CPU.Build.0 = Debug|Any CPU
		{7F3EF581-E529-470B-9ECF-B582FAD0F6C5}.Release|Any CPU.ActiveCfg = Release|Any CPU
		{7F3EF581-E529-470B-9ECF-B582FAD0F6C5}.Release|Any CPU.Build.0 = Release|Any CPU
	EndGlobalSection
EndGlobal
